// !$*UTF8*$!
{
	archiveVersion = 1;
	classes = {
	};
	objectVersion = 46;
	objects = {

/* Begin PBXBuildFile section */
		6A0B640E1DECA3A0008E8DC2 /* LegalViewController.swift in Sources */ = {isa = PBXBuildFile; fileRef = 6A0B640D1DECA3A0008E8DC2 /* LegalViewController.swift */; };
		FA160F091DAEE84100FE3507 /* AppDelegate.swift in Sources */ = {isa = PBXBuildFile; fileRef = FA160F081DAEE84100FE3507 /* AppDelegate.swift */; };
		FA160F0B1DAEE84100FE3507 /* MainViewController.swift in Sources */ = {isa = PBXBuildFile; fileRef = FA160F0A1DAEE84100FE3507 /* MainViewController.swift */; };
		FA160F101DAEE84100FE3507 /* Assets.xcassets in Resources */ = {isa = PBXBuildFile; fileRef = FA160F0F1DAEE84100FE3507 /* Assets.xcassets */; };
		FA160F131DAEE84100FE3507 /* LaunchScreen.storyboard in Resources */ = {isa = PBXBuildFile; fileRef = FA160F111DAEE84100FE3507 /* LaunchScreen.storyboard */; };
		FA160F1E1DAEE84100FE3507 /* ReportaGDLTests.swift in Sources */ = {isa = PBXBuildFile; fileRef = FA160F1D1DAEE84100FE3507 /* ReportaGDLTests.swift */; };
		FA160F291DAEE84200FE3507 /* ReportaGDLUITests.swift in Sources */ = {isa = PBXBuildFile; fileRef = FA160F281DAEE84200FE3507 /* ReportaGDLUITests.swift */; };
		FA160F371DB04D8C00FE3507 /* WelcomePageViewController.swift in Sources */ = {isa = PBXBuildFile; fileRef = FA160F361DB04D8C00FE3507 /* WelcomePageViewController.swift */; };
		FA160F391DB05BA500FE3507 /* ContentViewController.swift in Sources */ = {isa = PBXBuildFile; fileRef = FA160F381DB05BA500FE3507 /* ContentViewController.swift */; };
		FA160F3B1DB1597900FE3507 /* RegisterPageViewController.swift in Sources */ = {isa = PBXBuildFile; fileRef = FA160F3A1DB1597900FE3507 /* RegisterPageViewController.swift */; };
		FA9C77961DE62B5A00853B0D /* AboutViewController.swift in Sources */ = {isa = PBXBuildFile; fileRef = FA9C77951DE62B5A00853B0D /* AboutViewController.swift */; };
		FAA947761DB18280001F529C /* LoginPageViewController.swift in Sources */ = {isa = PBXBuildFile; fileRef = FAA947751DB18280001F529C /* LoginPageViewController.swift */; };
		FAA947791DB2E4F9001F529C /* ALRadialMenu.swift in Sources */ = {isa = PBXBuildFile; fileRef = FAA947771DB2E4F9001F529C /* ALRadialMenu.swift */; };
		FAA9477A1DB2E4F9001F529C /* ALRadialMenuButton.swift in Sources */ = {isa = PBXBuildFile; fileRef = FAA947781DB2E4F9001F529C /* ALRadialMenuButton.swift */; };
		FAC2A5561DC067E60047CE7D /* GoogleMaps.framework in Frameworks */ = {isa = PBXBuildFile; fileRef = FAC2A5541DC067E60047CE7D /* GoogleMaps.framework */; };
		FAC2A5571DC067E60047CE7D /* GoogleMapsCore.framework in Frameworks */ = {isa = PBXBuildFile; fileRef = FAC2A5551DC067E60047CE7D /* GoogleMapsCore.framework */; };
		FAC2A5591DC067F50047CE7D /* GoogleMapsBase.framework in Frameworks */ = {isa = PBXBuildFile; fileRef = FAC2A5581DC067F50047CE7D /* GoogleMapsBase.framework */; };
		FAC2A55B1DC068470047CE7D /* GoogleMaps.bundle in Resources */ = {isa = PBXBuildFile; fileRef = FAC2A55A1DC068470047CE7D /* GoogleMaps.bundle */; };
		FAC2A55D1DC068C70047CE7D /* Accelerate.framework in Frameworks */ = {isa = PBXBuildFile; fileRef = FAC2A55C1DC068C70047CE7D /* Accelerate.framework */; };
		FAC2A55F1DC068CD0047CE7D /* CoreData.framework in Frameworks */ = {isa = PBXBuildFile; fileRef = FAC2A55E1DC068CD0047CE7D /* CoreData.framework */; };
		FAC2A5611DC068D70047CE7D /* CoreGraphics.framework in Frameworks */ = {isa = PBXBuildFile; fileRef = FAC2A5601DC068D70047CE7D /* CoreGraphics.framework */; };
		FAC2A5631DC068DC0047CE7D /* CoreLocation.framework in Frameworks */ = {isa = PBXBuildFile; fileRef = FAC2A5621DC068DC0047CE7D /* CoreLocation.framework */; };
		FAC2A5651DC068E20047CE7D /* CoreText.framework in Frameworks */ = {isa = PBXBuildFile; fileRef = FAC2A5641DC068E20047CE7D /* CoreText.framework */; };
		FAC2A5671DC068EF0047CE7D /* GLKit.framework in Frameworks */ = {isa = PBXBuildFile; fileRef = FAC2A5661DC068EF0047CE7D /* GLKit.framework */; };
		FAC2A5691DC068FC0047CE7D /* ImageIO.framework in Frameworks */ = {isa = PBXBuildFile; fileRef = FAC2A5681DC068FC0047CE7D /* ImageIO.framework */; };
		FAC2A56B1DC0690B0047CE7D /* libc++.tbd in Frameworks */ = {isa = PBXBuildFile; fileRef = FAC2A56A1DC0690B0047CE7D /* libc++.tbd */; };
		FAC2A56D1DC069110047CE7D /* libz.tbd in Frameworks */ = {isa = PBXBuildFile; fileRef = FAC2A56C1DC069110047CE7D /* libz.tbd */; };
		FAC2A56F1DC0691A0047CE7D /* OpenGLES.framework in Frameworks */ = {isa = PBXBuildFile; fileRef = FAC2A56E1DC0691A0047CE7D /* OpenGLES.framework */; };
		FAC2A5711DC069200047CE7D /* QuartzCore.framework in Frameworks */ = {isa = PBXBuildFile; fileRef = FAC2A5701DC069200047CE7D /* QuartzCore.framework */; };
		FAC2A5731DC069260047CE7D /* SystemConfiguration.framework in Frameworks */ = {isa = PBXBuildFile; fileRef = FAC2A5721DC069260047CE7D /* SystemConfiguration.framework */; };
		FAC2A5751DC0692E0047CE7D /* UIKit.framework in Frameworks */ = {isa = PBXBuildFile; fileRef = FAC2A5741DC0692E0047CE7D /* UIKit.framework */; };
		FAC2A6281DCE9CDC0047CE7D /* NewReport.swift in Sources */ = {isa = PBXBuildFile; fileRef = FAC2A6271DCE9CDC0047CE7D /* NewReport.swift */; };
		FAC2A62D1DCFA3070047CE7D /* Main.storyboard in Resources */ = {isa = PBXBuildFile; fileRef = FAC2A62B1DCFA3070047CE7D /* Main.storyboard */; };
		FAC2A62F1DDA7E110047CE7D /* InfoView.swift in Sources */ = {isa = PBXBuildFile; fileRef = FAC2A62E1DDA7E100047CE7D /* InfoView.swift */; };
		FAC2A6311DDA7E4E0047CE7D /* CustomInfo.xib in Resources */ = {isa = PBXBuildFile; fileRef = FAC2A6301DDA7E4E0047CE7D /* CustomInfo.xib */; };
		FAC2A6331DDAA88A0047CE7D /* Reportes.swift in Sources */ = {isa = PBXBuildFile; fileRef = FAC2A6321DDAA88A0047CE7D /* Reportes.swift */; };
		FAC2A6351DDB6DB70047CE7D /* ReportTableViewCell.swift in Sources */ = {isa = PBXBuildFile; fileRef = FAC2A6341DDB6DB70047CE7D /* ReportTableViewCell.swift */; };
		FAC2A6711DDFF1FB0047CE7D /* CosmosDistrib.swift in Sources */ = {isa = PBXBuildFile; fileRef = FAC2A6701DDFF1FB0047CE7D /* CosmosDistrib.swift */; };
/* End PBXBuildFile section */

/* Begin PBXContainerItemProxy section */
		FA160F1A1DAEE84100FE3507 /* PBXContainerItemProxy */ = {
			isa = PBXContainerItemProxy;
			containerPortal = FA160EFD1DAEE84100FE3507 /* Project object */;
			proxyType = 1;
			remoteGlobalIDString = FA160F041DAEE84100FE3507;
			remoteInfo = ReportaGDL;
		};
		FA160F251DAEE84200FE3507 /* PBXContainerItemProxy */ = {
			isa = PBXContainerItemProxy;
			containerPortal = FA160EFD1DAEE84100FE3507 /* Project object */;
			proxyType = 1;
			remoteGlobalIDString = FA160F041DAEE84100FE3507;
			remoteInfo = ReportaGDL;
		};
/* End PBXContainerItemProxy section */

/* Begin PBXFileReference section */
		6A0B640D1DECA3A0008E8DC2 /* LegalViewController.swift */ = {isa = PBXFileReference; fileEncoding = 4; lastKnownFileType = sourcecode.swift; path = LegalViewController.swift; sourceTree = "<group>"; };
		FA160F051DAEE84100FE3507 /* ReportaGDL.app */ = {isa = PBXFileReference; explicitFileType = wrapper.application; includeInIndex = 0; path = ReportaGDL.app; sourceTree = BUILT_PRODUCTS_DIR; };
		FA160F081DAEE84100FE3507 /* AppDelegate.swift */ = {isa = PBXFileReference; lastKnownFileType = sourcecode.swift; path = AppDelegate.swift; sourceTree = "<group>"; };
		FA160F0A1DAEE84100FE3507 /* MainViewController.swift */ = {isa = PBXFileReference; lastKnownFileType = sourcecode.swift; path = MainViewController.swift; sourceTree = "<group>"; };
		FA160F0F1DAEE84100FE3507 /* Assets.xcassets */ = {isa = PBXFileReference; lastKnownFileType = folder.assetcatalog; path = Assets.xcassets; sourceTree = "<group>"; };
		FA160F121DAEE84100FE3507 /* Base */ = {isa = PBXFileReference; lastKnownFileType = file.storyboard; name = Base; path = Base.lproj/LaunchScreen.storyboard; sourceTree = "<group>"; };
		FA160F141DAEE84100FE3507 /* Info.plist */ = {isa = PBXFileReference; lastKnownFileType = text.plist.xml; path = Info.plist; sourceTree = "<group>"; };
		FA160F191DAEE84100FE3507 /* ReportaGDLTests.xctest */ = {isa = PBXFileReference; explicitFileType = wrapper.cfbundle; includeInIndex = 0; path = ReportaGDLTests.xctest; sourceTree = BUILT_PRODUCTS_DIR; };
		FA160F1D1DAEE84100FE3507 /* ReportaGDLTests.swift */ = {isa = PBXFileReference; lastKnownFileType = sourcecode.swift; path = ReportaGDLTests.swift; sourceTree = "<group>"; };
		FA160F1F1DAEE84100FE3507 /* Info.plist */ = {isa = PBXFileReference; lastKnownFileType = text.plist.xml; path = Info.plist; sourceTree = "<group>"; };
		FA160F241DAEE84200FE3507 /* ReportaGDLUITests.xctest */ = {isa = PBXFileReference; explicitFileType = wrapper.cfbundle; includeInIndex = 0; path = ReportaGDLUITests.xctest; sourceTree = BUILT_PRODUCTS_DIR; };
		FA160F281DAEE84200FE3507 /* ReportaGDLUITests.swift */ = {isa = PBXFileReference; lastKnownFileType = sourcecode.swift; path = ReportaGDLUITests.swift; sourceTree = "<group>"; };
		FA160F2A1DAEE84200FE3507 /* Info.plist */ = {isa = PBXFileReference; lastKnownFileType = text.plist.xml; path = Info.plist; sourceTree = "<group>"; };
		FA160F361DB04D8C00FE3507 /* WelcomePageViewController.swift */ = {isa = PBXFileReference; fileEncoding = 4; lastKnownFileType = sourcecode.swift; path = WelcomePageViewController.swift; sourceTree = "<group>"; };
		FA160F381DB05BA500FE3507 /* ContentViewController.swift */ = {isa = PBXFileReference; fileEncoding = 4; lastKnownFileType = sourcecode.swift; path = ContentViewController.swift; sourceTree = "<group>"; };
		FA160F3A1DB1597900FE3507 /* RegisterPageViewController.swift */ = {isa = PBXFileReference; fileEncoding = 4; lastKnownFileType = sourcecode.swift; path = RegisterPageViewController.swift; sourceTree = "<group>"; };
		FA9C77951DE62B5A00853B0D /* AboutViewController.swift */ = {isa = PBXFileReference; fileEncoding = 4; lastKnownFileType = sourcecode.swift; path = AboutViewController.swift; sourceTree = "<group>"; };
		FAA947751DB18280001F529C /* LoginPageViewController.swift */ = {isa = PBXFileReference; fileEncoding = 4; lastKnownFileType = sourcecode.swift; path = LoginPageViewController.swift; sourceTree = "<group>"; };
		FAA947771DB2E4F9001F529C /* ALRadialMenu.swift */ = {isa = PBXFileReference; fileEncoding = 4; lastKnownFileType = sourcecode.swift; name = ALRadialMenu.swift; path = ReportaGDL/ALRadialMenu.swift; sourceTree = "<group>"; };
		FAA947781DB2E4F9001F529C /* ALRadialMenuButton.swift */ = {isa = PBXFileReference; fileEncoding = 4; lastKnownFileType = sourcecode.swift; name = ALRadialMenuButton.swift; path = ReportaGDL/ALRadialMenuButton.swift; sourceTree = "<group>"; };
		FAC2A4F21DB7043B0047CE7D /* MapKit.framework */ = {isa = PBXFileReference; lastKnownFileType = wrapper.framework; name = MapKit.framework; path = System/Library/Frameworks/MapKit.framework; sourceTree = SDKROOT; };
		FAC2A5511DC063770047CE7D /* ReportaGDL.entitlements */ = {isa = PBXFileReference; lastKnownFileType = text.plist.entitlements; path = ReportaGDL.entitlements; sourceTree = "<group>"; };
		FAC2A5541DC067E60047CE7D /* GoogleMaps.framework */ = {isa = PBXFileReference; lastKnownFileType = wrapper.framework; path = GoogleMaps.framework; sourceTree = "<group>"; };
		FAC2A5551DC067E60047CE7D /* GoogleMapsCore.framework */ = {isa = PBXFileReference; lastKnownFileType = wrapper.framework; path = GoogleMapsCore.framework; sourceTree = "<group>"; };
		FAC2A5581DC067F50047CE7D /* GoogleMapsBase.framework */ = {isa = PBXFileReference; lastKnownFileType = wrapper.framework; path = GoogleMapsBase.framework; sourceTree = "<group>"; };
		FAC2A55A1DC068470047CE7D /* GoogleMaps.bundle */ = {isa = PBXFileReference; lastKnownFileType = "wrapper.plug-in"; name = GoogleMaps.bundle; path = GoogleMaps.framework/Versions/A/Resources/GoogleMaps.bundle; sourceTree = "<group>"; };
		FAC2A55C1DC068C70047CE7D /* Accelerate.framework */ = {isa = PBXFileReference; lastKnownFileType = wrapper.framework; name = Accelerate.framework; path = System/Library/Frameworks/Accelerate.framework; sourceTree = SDKROOT; };
		FAC2A55E1DC068CD0047CE7D /* CoreData.framework */ = {isa = PBXFileReference; lastKnownFileType = wrapper.framework; name = CoreData.framework; path = System/Library/Frameworks/CoreData.framework; sourceTree = SDKROOT; };
		FAC2A5601DC068D70047CE7D /* CoreGraphics.framework */ = {isa = PBXFileReference; lastKnownFileType = wrapper.framework; name = CoreGraphics.framework; path = System/Library/Frameworks/CoreGraphics.framework; sourceTree = SDKROOT; };
		FAC2A5621DC068DC0047CE7D /* CoreLocation.framework */ = {isa = PBXFileReference; lastKnownFileType = wrapper.framework; name = CoreLocation.framework; path = System/Library/Frameworks/CoreLocation.framework; sourceTree = SDKROOT; };
		FAC2A5641DC068E20047CE7D /* CoreText.framework */ = {isa = PBXFileReference; lastKnownFileType = wrapper.framework; name = CoreText.framework; path = System/Library/Frameworks/CoreText.framework; sourceTree = SDKROOT; };
		FAC2A5661DC068EF0047CE7D /* GLKit.framework */ = {isa = PBXFileReference; lastKnownFileType = wrapper.framework; name = GLKit.framework; path = System/Library/Frameworks/GLKit.framework; sourceTree = SDKROOT; };
		FAC2A5681DC068FC0047CE7D /* ImageIO.framework */ = {isa = PBXFileReference; lastKnownFileType = wrapper.framework; name = ImageIO.framework; path = System/Library/Frameworks/ImageIO.framework; sourceTree = SDKROOT; };
		FAC2A56A1DC0690B0047CE7D /* libc++.tbd */ = {isa = PBXFileReference; lastKnownFileType = "sourcecode.text-based-dylib-definition"; name = "libc++.tbd"; path = "usr/lib/libc++.tbd"; sourceTree = SDKROOT; };
		FAC2A56C1DC069110047CE7D /* libz.tbd */ = {isa = PBXFileReference; lastKnownFileType = "sourcecode.text-based-dylib-definition"; name = libz.tbd; path = usr/lib/libz.tbd; sourceTree = SDKROOT; };
		FAC2A56E1DC0691A0047CE7D /* OpenGLES.framework */ = {isa = PBXFileReference; lastKnownFileType = wrapper.framework; name = OpenGLES.framework; path = System/Library/Frameworks/OpenGLES.framework; sourceTree = SDKROOT; };
		FAC2A5701DC069200047CE7D /* QuartzCore.framework */ = {isa = PBXFileReference; lastKnownFileType = wrapper.framework; name = QuartzCore.framework; path = System/Library/Frameworks/QuartzCore.framework; sourceTree = SDKROOT; };
		FAC2A5721DC069260047CE7D /* SystemConfiguration.framework */ = {isa = PBXFileReference; lastKnownFileType = wrapper.framework; name = SystemConfiguration.framework; path = System/Library/Frameworks/SystemConfiguration.framework; sourceTree = SDKROOT; };
		FAC2A5741DC0692E0047CE7D /* UIKit.framework */ = {isa = PBXFileReference; lastKnownFileType = wrapper.framework; name = UIKit.framework; path = System/Library/Frameworks/UIKit.framework; sourceTree = SDKROOT; };
		FAC2A6271DCE9CDC0047CE7D /* NewReport.swift */ = {isa = PBXFileReference; fileEncoding = 4; lastKnownFileType = sourcecode.swift; path = NewReport.swift; sourceTree = "<group>"; };
		FAC2A62C1DCFA3070047CE7D /* Base */ = {isa = PBXFileReference; lastKnownFileType = file.storyboard; name = Base; path = ReportaGDL/Base.lproj/Main.storyboard; sourceTree = "<group>"; };
		FAC2A62E1DDA7E100047CE7D /* InfoView.swift */ = {isa = PBXFileReference; fileEncoding = 4; lastKnownFileType = sourcecode.swift; name = InfoView.swift; path = ../InfoView.swift; sourceTree = "<group>"; };
		FAC2A6301DDA7E4E0047CE7D /* CustomInfo.xib */ = {isa = PBXFileReference; fileEncoding = 4; lastKnownFileType = file.xib; name = CustomInfo.xib; path = ../CustomInfo.xib; sourceTree = "<group>"; };
		FAC2A6321DDAA88A0047CE7D /* Reportes.swift */ = {isa = PBXFileReference; fileEncoding = 4; lastKnownFileType = sourcecode.swift; path = Reportes.swift; sourceTree = "<group>"; };
		FAC2A6341DDB6DB70047CE7D /* ReportTableViewCell.swift */ = {isa = PBXFileReference; fileEncoding = 4; lastKnownFileType = sourcecode.swift; path = ReportTableViewCell.swift; sourceTree = "<group>"; };
		FAC2A6701DDFF1FB0047CE7D /* CosmosDistrib.swift */ = {isa = PBXFileReference; fileEncoding = 4; lastKnownFileType = sourcecode.swift; path = CosmosDistrib.swift; sourceTree = "<group>"; };
/* End PBXFileReference section */

/* Begin PBXFrameworksBuildPhase section */
		FA160F021DAEE84100FE3507 /* Frameworks */ = {
			isa = PBXFrameworksBuildPhase;
			buildActionMask = 2147483647;
			files = (
				FAC2A5751DC0692E0047CE7D /* UIKit.framework in Frameworks */,
				FAC2A5731DC069260047CE7D /* SystemConfiguration.framework in Frameworks */,
				FAC2A5711DC069200047CE7D /* QuartzCore.framework in Frameworks */,
				FAC2A56F1DC0691A0047CE7D /* OpenGLES.framework in Frameworks */,
				FAC2A56D1DC069110047CE7D /* libz.tbd in Frameworks */,
				FAC2A56B1DC0690B0047CE7D /* libc++.tbd in Frameworks */,
				FAC2A5691DC068FC0047CE7D /* ImageIO.framework in Frameworks */,
				FAC2A5671DC068EF0047CE7D /* GLKit.framework in Frameworks */,
				FAC2A5651DC068E20047CE7D /* CoreText.framework in Frameworks */,
				FAC2A5631DC068DC0047CE7D /* CoreLocation.framework in Frameworks */,
				FAC2A5611DC068D70047CE7D /* CoreGraphics.framework in Frameworks */,
				FAC2A55F1DC068CD0047CE7D /* CoreData.framework in Frameworks */,
				FAC2A55D1DC068C70047CE7D /* Accelerate.framework in Frameworks */,
				FAC2A5591DC067F50047CE7D /* GoogleMapsBase.framework in Frameworks */,
				FAC2A5561DC067E60047CE7D /* GoogleMaps.framework in Frameworks */,
				FAC2A5571DC067E60047CE7D /* GoogleMapsCore.framework in Frameworks */,
			);
			runOnlyForDeploymentPostprocessing = 0;
		};
		FA160F161DAEE84100FE3507 /* Frameworks */ = {
			isa = PBXFrameworksBuildPhase;
			buildActionMask = 2147483647;
			files = (
			);
			runOnlyForDeploymentPostprocessing = 0;
		};
		FA160F211DAEE84200FE3507 /* Frameworks */ = {
			isa = PBXFrameworksBuildPhase;
			buildActionMask = 2147483647;
			files = (
			);
			runOnlyForDeploymentPostprocessing = 0;
		};
/* End PBXFrameworksBuildPhase section */

/* Begin PBXGroup section */
		FA160EFC1DAEE84100FE3507 = {
			isa = PBXGroup;
			children = (
				FAC2A55A1DC068470047CE7D /* GoogleMaps.bundle */,
				FAC2A5581DC067F50047CE7D /* GoogleMapsBase.framework */,
				FAC2A5541DC067E60047CE7D /* GoogleMaps.framework */,
				FAC2A5551DC067E60047CE7D /* GoogleMapsCore.framework */,
				FAA9477B1DB2E508001F529C /* ALRadialMenu */,
				FA160F071DAEE84100FE3507 /* ReportaGDL */,
				FA160F1C1DAEE84100FE3507 /* ReportaGDLTests */,
				FA160F271DAEE84200FE3507 /* ReportaGDLUITests */,
				FA160F061DAEE84100FE3507 /* Products */,
				FAC2A4F11DB7043B0047CE7D /* Frameworks */,
			);
			sourceTree = "<group>";
		};
		FA160F061DAEE84100FE3507 /* Products */ = {
			isa = PBXGroup;
			children = (
				FA160F051DAEE84100FE3507 /* ReportaGDL.app */,
				FA160F191DAEE84100FE3507 /* ReportaGDLTests.xctest */,
				FA160F241DAEE84200FE3507 /* ReportaGDLUITests.xctest */,
			);
			name = Products;
			sourceTree = "<group>";
		};
		FA160F071DAEE84100FE3507 /* ReportaGDL */ = {
			isa = PBXGroup;
			children = (
				FAC2A5511DC063770047CE7D /* ReportaGDL.entitlements */,
				FAC2A62B1DCFA3070047CE7D /* Main.storyboard */,
				FA160F081DAEE84100FE3507 /* AppDelegate.swift */,
				FA160F0A1DAEE84100FE3507 /* MainViewController.swift */,
				FA160F0F1DAEE84100FE3507 /* Assets.xcassets */,
				FA160F111DAEE84100FE3507 /* LaunchScreen.storyboard */,
				FA160F141DAEE84100FE3507 /* Info.plist */,
				FA160F361DB04D8C00FE3507 /* WelcomePageViewController.swift */,
				FA160F381DB05BA500FE3507 /* ContentViewController.swift */,
				FA160F3A1DB1597900FE3507 /* RegisterPageViewController.swift */,
				FAA947751DB18280001F529C /* LoginPageViewController.swift */,
				FAC2A6271DCE9CDC0047CE7D /* NewReport.swift */,
				FAC2A62E1DDA7E100047CE7D /* InfoView.swift */,
				FAC2A6301DDA7E4E0047CE7D /* CustomInfo.xib */,
				FAC2A6321DDAA88A0047CE7D /* Reportes.swift */,
				FAC2A6341DDB6DB70047CE7D /* ReportTableViewCell.swift */,
				FAC2A6701DDFF1FB0047CE7D /* CosmosDistrib.swift */,
				FA9C77951DE62B5A00853B0D /* AboutViewController.swift */,
				6A0B640D1DECA3A0008E8DC2 /* LegalViewController.swift */,
			);
			path = ReportaGDL;
			sourceTree = "<group>";
		};
		FA160F1C1DAEE84100FE3507 /* ReportaGDLTests */ = {
			isa = PBXGroup;
			children = (
				FA160F1D1DAEE84100FE3507 /* ReportaGDLTests.swift */,
				FA160F1F1DAEE84100FE3507 /* Info.plist */,
			);
			path = ReportaGDLTests;
			sourceTree = "<group>";
		};
		FA160F271DAEE84200FE3507 /* ReportaGDLUITests */ = {
			isa = PBXGroup;
			children = (
				FA160F281DAEE84200FE3507 /* ReportaGDLUITests.swift */,
				FA160F2A1DAEE84200FE3507 /* Info.plist */,
			);
			path = ReportaGDLUITests;
			sourceTree = "<group>";
		};
		FAA9477B1DB2E508001F529C /* ALRadialMenu */ = {
			isa = PBXGroup;
			children = (
				FAA947771DB2E4F9001F529C /* ALRadialMenu.swift */,
				FAA947781DB2E4F9001F529C /* ALRadialMenuButton.swift */,
			);
			name = ALRadialMenu;
			sourceTree = "<group>";
		};
		FAC2A4F11DB7043B0047CE7D /* Frameworks */ = {
			isa = PBXGroup;
			children = (
				FAC2A5741DC0692E0047CE7D /* UIKit.framework */,
				FAC2A5721DC069260047CE7D /* SystemConfiguration.framework */,
				FAC2A5701DC069200047CE7D /* QuartzCore.framework */,
				FAC2A56E1DC0691A0047CE7D /* OpenGLES.framework */,
				FAC2A56C1DC069110047CE7D /* libz.tbd */,
				FAC2A56A1DC0690B0047CE7D /* libc++.tbd */,
				FAC2A5681DC068FC0047CE7D /* ImageIO.framework */,
				FAC2A5661DC068EF0047CE7D /* GLKit.framework */,
				FAC2A5641DC068E20047CE7D /* CoreText.framework */,
				FAC2A5621DC068DC0047CE7D /* CoreLocation.framework */,
				FAC2A5601DC068D70047CE7D /* CoreGraphics.framework */,
				FAC2A55E1DC068CD0047CE7D /* CoreData.framework */,
				FAC2A55C1DC068C70047CE7D /* Accelerate.framework */,
				FAC2A4F21DB7043B0047CE7D /* MapKit.framework */,
			);
			name = Frameworks;
			sourceTree = "<group>";
		};
/* End PBXGroup section */

/* Begin PBXNativeTarget section */
		FA160F041DAEE84100FE3507 /* ReportaGDL */ = {
			isa = PBXNativeTarget;
			buildConfigurationList = FA160F2D1DAEE84200FE3507 /* Build configuration list for PBXNativeTarget "ReportaGDL" */;
			buildPhases = (
				FA160F011DAEE84100FE3507 /* Sources */,
				FA160F021DAEE84100FE3507 /* Frameworks */,
				FA160F031DAEE84100FE3507 /* Resources */,
			);
			buildRules = (
			);
			dependencies = (
			);
			name = ReportaGDL;
			productName = ReportaGDL;
			productReference = FA160F051DAEE84100FE3507 /* ReportaGDL.app */;
			productType = "com.apple.product-type.application";
		};
		FA160F181DAEE84100FE3507 /* ReportaGDLTests */ = {
			isa = PBXNativeTarget;
			buildConfigurationList = FA160F301DAEE84200FE3507 /* Build configuration list for PBXNativeTarget "ReportaGDLTests" */;
			buildPhases = (
				FA160F151DAEE84100FE3507 /* Sources */,
				FA160F161DAEE84100FE3507 /* Frameworks */,
				FA160F171DAEE84100FE3507 /* Resources */,
			);
			buildRules = (
			);
			dependencies = (
				FA160F1B1DAEE84100FE3507 /* PBXTargetDependency */,
			);
			name = ReportaGDLTests;
			productName = ReportaGDLTests;
			productReference = FA160F191DAEE84100FE3507 /* ReportaGDLTests.xctest */;
			productType = "com.apple.product-type.bundle.unit-test";
		};
		FA160F231DAEE84200FE3507 /* ReportaGDLUITests */ = {
			isa = PBXNativeTarget;
			buildConfigurationList = FA160F331DAEE84200FE3507 /* Build configuration list for PBXNativeTarget "ReportaGDLUITests" */;
			buildPhases = (
				FA160F201DAEE84200FE3507 /* Sources */,
				FA160F211DAEE84200FE3507 /* Frameworks */,
				FA160F221DAEE84200FE3507 /* Resources */,
			);
			buildRules = (
			);
			dependencies = (
				FA160F261DAEE84200FE3507 /* PBXTargetDependency */,
			);
			name = ReportaGDLUITests;
			productName = ReportaGDLUITests;
			productReference = FA160F241DAEE84200FE3507 /* ReportaGDLUITests.xctest */;
			productType = "com.apple.product-type.bundle.ui-testing";
		};
/* End PBXNativeTarget section */

/* Begin PBXProject section */
		FA160EFD1DAEE84100FE3507 /* Project object */ = {
			isa = PBXProject;
			attributes = {
				LastSwiftUpdateCheck = 0800;
				LastUpgradeCheck = 0810;
				ORGANIZATIONNAME = ARHR;
				TargetAttributes = {
					FA160F041DAEE84100FE3507 = {
						CreatedOnToolsVersion = 8.0;
						DevelopmentTeam = SCL98AP6MS;
						ProvisioningStyle = Automatic;
						SystemCapabilities = {
							com.apple.InterAppAudio = {
								enabled = 0;
							};
							com.apple.Maps.iOS = {
								enabled = 0;
							};
						};
					};
					FA160F181DAEE84100FE3507 = {
						CreatedOnToolsVersion = 8.0;
						DevelopmentTeam = 496SVML4XH;
						ProvisioningStyle = Automatic;
						TestTargetID = FA160F041DAEE84100FE3507;
					};
					FA160F231DAEE84200FE3507 = {
						CreatedOnToolsVersion = 8.0;
						DevelopmentTeam = 496SVML4XH;
						ProvisioningStyle = Automatic;
						TestTargetID = FA160F041DAEE84100FE3507;
					};
				};
			};
			buildConfigurationList = FA160F001DAEE84100FE3507 /* Build configuration list for PBXProject "ReportaGDL" */;
			compatibilityVersion = "Xcode 3.2";
			developmentRegion = English;
			hasScannedForEncodings = 0;
			knownRegions = (
				en,
				Base,
			);
			mainGroup = FA160EFC1DAEE84100FE3507;
			productRefGroup = FA160F061DAEE84100FE3507 /* Products */;
			projectDirPath = "";
			projectRoot = "";
			targets = (
				FA160F041DAEE84100FE3507 /* ReportaGDL */,
				FA160F181DAEE84100FE3507 /* ReportaGDLTests */,
				FA160F231DAEE84200FE3507 /* ReportaGDLUITests */,
			);
		};
/* End PBXProject section */

/* Begin PBXResourcesBuildPhase section */
		FA160F031DAEE84100FE3507 /* Resources */ = {
			isa = PBXResourcesBuildPhase;
			buildActionMask = 2147483647;
			files = (
				FA160F131DAEE84100FE3507 /* LaunchScreen.storyboard in Resources */,
				FA160F101DAEE84100FE3507 /* Assets.xcassets in Resources */,
				FAC2A55B1DC068470047CE7D /* GoogleMaps.bundle in Resources */,
				FAC2A62D1DCFA3070047CE7D /* Main.storyboard in Resources */,
				FAC2A6311DDA7E4E0047CE7D /* CustomInfo.xib in Resources */,
			);
			runOnlyForDeploymentPostprocessing = 0;
		};
		FA160F171DAEE84100FE3507 /* Resources */ = {
			isa = PBXResourcesBuildPhase;
			buildActionMask = 2147483647;
			files = (
			);
			runOnlyForDeploymentPostprocessing = 0;
		};
		FA160F221DAEE84200FE3507 /* Resources */ = {
			isa = PBXResourcesBuildPhase;
			buildActionMask = 2147483647;
			files = (
			);
			runOnlyForDeploymentPostprocessing = 0;
		};
/* End PBXResourcesBuildPhase section */

/* Begin PBXSourcesBuildPhase section */
		FA160F011DAEE84100FE3507 /* Sources */ = {
			isa = PBXSourcesBuildPhase;
			buildActionMask = 2147483647;
			files = (
				FA160F0B1DAEE84100FE3507 /* MainViewController.swift in Sources */,
				FAC2A6331DDAA88A0047CE7D /* Reportes.swift in Sources */,
				FAA947791DB2E4F9001F529C /* ALRadialMenu.swift in Sources */,
				FAC2A6351DDB6DB70047CE7D /* ReportTableViewCell.swift in Sources */,
				FA160F391DB05BA500FE3507 /* ContentViewController.swift in Sources */,
				FA160F371DB04D8C00FE3507 /* WelcomePageViewController.swift in Sources */,
				FAA947761DB18280001F529C /* LoginPageViewController.swift in Sources */,
				6A0B640E1DECA3A0008E8DC2 /* LegalViewController.swift in Sources */,
				FA160F091DAEE84100FE3507 /* AppDelegate.swift in Sources */,
				FAC2A6281DCE9CDC0047CE7D /* NewReport.swift in Sources */,
				FAC2A6711DDFF1FB0047CE7D /* CosmosDistrib.swift in Sources */,
				FA9C77961DE62B5A00853B0D /* AboutViewController.swift in Sources */,
				FAA9477A1DB2E4F9001F529C /* ALRadialMenuButton.swift in Sources */,
				FAC2A62F1DDA7E110047CE7D /* InfoView.swift in Sources */,
				FA160F3B1DB1597900FE3507 /* RegisterPageViewController.swift in Sources */,
			);
			runOnlyForDeploymentPostprocessing = 0;
		};
		FA160F151DAEE84100FE3507 /* Sources */ = {
			isa = PBXSourcesBuildPhase;
			buildActionMask = 2147483647;
			files = (
				FA160F1E1DAEE84100FE3507 /* ReportaGDLTests.swift in Sources */,
			);
			runOnlyForDeploymentPostprocessing = 0;
		};
		FA160F201DAEE84200FE3507 /* Sources */ = {
			isa = PBXSourcesBuildPhase;
			buildActionMask = 2147483647;
			files = (
				FA160F291DAEE84200FE3507 /* ReportaGDLUITests.swift in Sources */,
			);
			runOnlyForDeploymentPostprocessing = 0;
		};
/* End PBXSourcesBuildPhase section */

/* Begin PBXTargetDependency section */
		FA160F1B1DAEE84100FE3507 /* PBXTargetDependency */ = {
			isa = PBXTargetDependency;
			target = FA160F041DAEE84100FE3507 /* ReportaGDL */;
			targetProxy = FA160F1A1DAEE84100FE3507 /* PBXContainerItemProxy */;
		};
		FA160F261DAEE84200FE3507 /* PBXTargetDependency */ = {
			isa = PBXTargetDependency;
			target = FA160F041DAEE84100FE3507 /* ReportaGDL */;
			targetProxy = FA160F251DAEE84200FE3507 /* PBXContainerItemProxy */;
		};
/* End PBXTargetDependency section */

/* Begin PBXVariantGroup section */
		FA160F111DAEE84100FE3507 /* LaunchScreen.storyboard */ = {
			isa = PBXVariantGroup;
			children = (
				FA160F121DAEE84100FE3507 /* Base */,
			);
			name = LaunchScreen.storyboard;
			sourceTree = "<group>";
		};
		FAC2A62B1DCFA3070047CE7D /* Main.storyboard */ = {
			isa = PBXVariantGroup;
			children = (
				FAC2A62C1DCFA3070047CE7D /* Base */,
			);
			name = Main.storyboard;
			path = ..;
			sourceTree = "<group>";
		};
/* End PBXVariantGroup section */

/* Begin XCBuildConfiguration section */
		FA160F2B1DAEE84200FE3507 /* Debug */ = {
			isa = XCBuildConfiguration;
			buildSettings = {
				ALWAYS_SEARCH_USER_PATHS = NO;
				CLANG_ANALYZER_NONNULL = YES;
				CLANG_CXX_LANGUAGE_STANDARD = "gnu++0x";
				CLANG_CXX_LIBRARY = "libc++";
				CLANG_ENABLE_MODULES = YES;
				CLANG_ENABLE_OBJC_ARC = YES;
				CLANG_WARN_BOOL_CONVERSION = YES;
				CLANG_WARN_CONSTANT_CONVERSION = YES;
				CLANG_WARN_DIRECT_OBJC_ISA_USAGE = YES_ERROR;
				CLANG_WARN_DOCUMENTATION_COMMENTS = YES;
				CLANG_WARN_EMPTY_BODY = YES;
				CLANG_WARN_ENUM_CONVERSION = YES;
				CLANG_WARN_INFINITE_RECURSION = YES;
				CLANG_WARN_INT_CONVERSION = YES;
				CLANG_WARN_OBJC_ROOT_CLASS = YES_ERROR;
				CLANG_WARN_SUSPICIOUS_MOVE = YES;
				CLANG_WARN_SUSPICIOUS_MOVES = YES;
				CLANG_WARN_UNREACHABLE_CODE = YES;
				CLANG_WARN__DUPLICATE_METHOD_MATCH = YES;
				"CODE_SIGN_IDENTITY[sdk=iphoneos*]" = "iPhone Developer";
				COPY_PHASE_STRIP = NO;
				DEBUG_INFORMATION_FORMAT = dwarf;
				ENABLE_STRICT_OBJC_MSGSEND = YES;
				ENABLE_TESTABILITY = YES;
				GCC_C_LANGUAGE_STANDARD = gnu99;
				GCC_DYNAMIC_NO_PIC = NO;
				GCC_NO_COMMON_BLOCKS = YES;
				GCC_OPTIMIZATION_LEVEL = 0;
				GCC_PREPROCESSOR_DEFINITIONS = (
					"DEBUG=1",
					"$(inherited)",
				);
				GCC_WARN_64_TO_32_BIT_CONVERSION = YES;
				GCC_WARN_ABOUT_RETURN_TYPE = YES_ERROR;
				GCC_WARN_UNDECLARED_SELECTOR = YES;
				GCC_WARN_UNINITIALIZED_AUTOS = YES_AGGRESSIVE;
				GCC_WARN_UNUSED_FUNCTION = YES;
				GCC_WARN_UNUSED_VARIABLE = YES;
				IPHONEOS_DEPLOYMENT_TARGET = 8.0;
				MTL_ENABLE_DEBUG_INFO = YES;
				ONLY_ACTIVE_ARCH = YES;
				OTHER_LDFLAGS = "-ObjC";
				SDKROOT = iphoneos;
				SWIFT_ACTIVE_COMPILATION_CONDITIONS = DEBUG;
				SWIFT_OPTIMIZATION_LEVEL = "-Onone";
			};
			name = Debug;
		};
		FA160F2C1DAEE84200FE3507 /* Release */ = {
			isa = XCBuildConfiguration;
			buildSettings = {
				ALWAYS_SEARCH_USER_PATHS = NO;
				CLANG_ANALYZER_NONNULL = YES;
				CLANG_CXX_LANGUAGE_STANDARD = "gnu++0x";
				CLANG_CXX_LIBRARY = "libc++";
				CLANG_ENABLE_MODULES = YES;
				CLANG_ENABLE_OBJC_ARC = YES;
				CLANG_WARN_BOOL_CONVERSION = YES;
				CLANG_WARN_CONSTANT_CONVERSION = YES;
				CLANG_WARN_DIRECT_OBJC_ISA_USAGE = YES_ERROR;
				CLANG_WARN_DOCUMENTATION_COMMENTS = YES;
				CLANG_WARN_EMPTY_BODY = YES;
				CLANG_WARN_ENUM_CONVERSION = YES;
				CLANG_WARN_INFINITE_RECURSION = YES;
				CLANG_WARN_INT_CONVERSION = YES;
				CLANG_WARN_OBJC_ROOT_CLASS = YES_ERROR;
				CLANG_WARN_SUSPICIOUS_MOVE = YES;
				CLANG_WARN_SUSPICIOUS_MOVES = YES;
				CLANG_WARN_UNREACHABLE_CODE = YES;
				CLANG_WARN__DUPLICATE_METHOD_MATCH = YES;
				"CODE_SIGN_IDENTITY[sdk=iphoneos*]" = "iPhone Developer";
				COPY_PHASE_STRIP = NO;
				DEBUG_INFORMATION_FORMAT = "dwarf-with-dsym";
				ENABLE_NS_ASSERTIONS = NO;
				ENABLE_STRICT_OBJC_MSGSEND = YES;
				GCC_C_LANGUAGE_STANDARD = gnu99;
				GCC_NO_COMMON_BLOCKS = YES;
				GCC_WARN_64_TO_32_BIT_CONVERSION = YES;
				GCC_WARN_ABOUT_RETURN_TYPE = YES_ERROR;
				GCC_WARN_UNDECLARED_SELECTOR = YES;
				GCC_WARN_UNINITIALIZED_AUTOS = YES_AGGRESSIVE;
				GCC_WARN_UNUSED_FUNCTION = YES;
				GCC_WARN_UNUSED_VARIABLE = YES;
				IPHONEOS_DEPLOYMENT_TARGET = 8.0;
				MTL_ENABLE_DEBUG_INFO = NO;
				OTHER_LDFLAGS = "-ObjC";
				SDKROOT = iphoneos;
				SWIFT_OPTIMIZATION_LEVEL = "-Owholemodule";
				VALIDATE_PRODUCT = YES;
			};
			name = Release;
		};
		FA160F2E1DAEE84200FE3507 /* Debug */ = {
			isa = XCBuildConfiguration;
			buildSettings = {
				ASSETCATALOG_COMPILER_APPICON_NAME = AppIcon;
				DEVELOPMENT_TEAM = SCL98AP6MS;
				FRAMEWORK_SEARCH_PATHS = (
					"$(inherited)",
					"$(PROJECT_DIR)",
				);
				INFOPLIST_FILE = ReportaGDL/Info.plist;
				IPHONEOS_DEPLOYMENT_TARGET = 8.0;
				LD_RUNPATH_SEARCH_PATHS = "$(inherited) @executable_path/Frameworks";
				PRODUCT_BUNDLE_IDENTIFIER = com.aldoroldan.reportagdl.ReportaGDL;
				PRODUCT_NAME = "$(TARGET_NAME)";
				SWIFT_VERSION = 3.0;
				TARGETED_DEVICE_FAMILY = 1;
			};
			name = Debug;
		};
		FA160F2F1DAEE84200FE3507 /* Release */ = {
			isa = XCBuildConfiguration;
			buildSettings = {
				ASSETCATALOG_COMPILER_APPICON_NAME = AppIcon;
				DEVELOPMENT_TEAM = SCL98AP6MS;
				FRAMEWORK_SEARCH_PATHS = (
					"$(inherited)",
					"$(PROJECT_DIR)",
				);
				INFOPLIST_FILE = ReportaGDL/Info.plist;
				IPHONEOS_DEPLOYMENT_TARGET = 8.0;
				LD_RUNPATH_SEARCH_PATHS = "$(inherited) @executable_path/Frameworks";
				PRODUCT_BUNDLE_IDENTIFIER = com.aldoroldan.reportagdl.ReportaGDL;
				PRODUCT_NAME = "$(TARGET_NAME)";
				SWIFT_VERSION = 3.0;
				TARGETED_DEVICE_FAMILY = 1;
			};
			name = Release;
		};
		FA160F311DAEE84200FE3507 /* Debug */ = {
			isa = XCBuildConfiguration;
			buildSettings = {
				ALWAYS_EMBED_SWIFT_STANDARD_LIBRARIES = YES;
				BUNDLE_LOADER = "$(TEST_HOST)";
				DEVELOPMENT_TEAM = 496SVML4XH;
				INFOPLIST_FILE = ReportaGDLTests/Info.plist;
				LD_RUNPATH_SEARCH_PATHS = "$(inherited) @executable_path/Frameworks @loader_path/Frameworks";
				PRODUCT_BUNDLE_IDENTIFIER = com.reportagdl.ReportaGDLTests;
				PRODUCT_NAME = "$(TARGET_NAME)";
				SWIFT_VERSION = 3.0;
				TEST_HOST = "$(BUILT_PRODUCTS_DIR)/ReportaGDL.app/ReportaGDL";
			};
			name = Debug;
		};
		FA160F321DAEE84200FE3507 /* Release */ = {
			isa = XCBuildConfiguration;
			buildSettings = {
				ALWAYS_EMBED_SWIFT_STANDARD_LIBRARIES = YES;
				BUNDLE_LOADER = "$(TEST_HOST)";
				DEVELOPMENT_TEAM = 496SVML4XH;
				INFOPLIST_FILE = ReportaGDLTests/Info.plist;
				LD_RUNPATH_SEARCH_PATHS = "$(inherited) @executable_path/Frameworks @loader_path/Frameworks";
				PRODUCT_BUNDLE_IDENTIFIER = com.reportagdl.ReportaGDLTests;
				PRODUCT_NAME = "$(TARGET_NAME)";
				SWIFT_VERSION = 3.0;
				TEST_HOST = "$(BUILT_PRODUCTS_DIR)/ReportaGDL.app/ReportaGDL";
			};
			name = Release;
		};
		FA160F341DAEE84200FE3507 /* Debug */ = {
			isa = XCBuildConfiguration;
			buildSettings = {
				ALWAYS_EMBED_SWIFT_STANDARD_LIBRARIES = YES;
				DEVELOPMENT_TEAM = 496SVML4XH;
				INFOPLIST_FILE = ReportaGDLUITests/Info.plist;
				LD_RUNPATH_SEARCH_PATHS = "$(inherited) @executable_path/Frameworks @loader_path/Frameworks";
				PRODUCT_BUNDLE_IDENTIFIER = com.reportagdl.ReportaGDLUITests;
				PRODUCT_NAME = "$(TARGET_NAME)";
				SWIFT_VERSION = 3.0;
				TEST_TARGET_NAME = ReportaGDL;
			};
			name = Debug;
		};
		FA160F351DAEE84200FE3507 /* Release */ = {
			isa = XCBuildConfiguration;
			buildSettings = {
				ALWAYS_EMBED_SWIFT_STANDARD_LIBRARIES = YES;
				DEVELOPMENT_TEAM = 496SVML4XH;
				INFOPLIST_FILE = ReportaGDLUITests/Info.plist;
				LD_RUNPATH_SEARCH_PATHS = "$(inherited) @executable_path/Frameworks @loader_path/Frameworks";
				PRODUCT_BUNDLE_IDENTIFIER = com.reportagdl.ReportaGDLUITests;
				PRODUCT_NAME = "$(TARGET_NAME)";
				SWIFT_VERSION = 3.0;
				TEST_TARGET_NAME = ReportaGDL;
			};
			name = Release;
		};
/* End XCBuildConfiguration section */

/* Begin XCConfigurationList section */
		FA160F001DAEE84100FE3507 /* Build configuration list for PBXProject "ReportaGDL" */ = {
			isa = XCConfigurationList;
			buildConfigurations = (
				FA160F2B1DAEE84200FE3507 /* Debug */,
				FA160F2C1DAEE84200FE3507 /* Release */,
			);
			defaultConfigurationIsVisible = 0;
			defaultConfigurationName = Release;
		};
		FA160F2D1DAEE84200FE3507 /* Build configuration list for PBXNativeTarget "ReportaGDL" */ = {
			isa = XCConfigurationList;
			buildConfigurations = (
				FA160F2E1DAEE84200FE3507 /* Debug */,
				FA160F2F1DAEE84200FE3507 /* Release */,
			);
			defaultConfigurationIsVisible = 0;
			defaultConfigurationName = Release;
		};
		FA160F301DAEE84200FE3507 /* Build configuration list for PBXNativeTarget "ReportaGDLTests" */ = {
			isa = XCConfigurationList;
			buildConfigurations = (
				FA160F311DAEE84200FE3507 /* Debug */,
				FA160F321DAEE84200FE3507 /* Release */,
			);
			defaultConfigurationIsVisible = 0;
			defaultConfigurationName = Release;
		};
		FA160F331DAEE84200FE3507 /* Build configuration list for PBXNativeTarget "ReportaGDLUITests" */ = {
			isa = XCConfigurationList;
			buildConfigurations = (
				FA160F341DAEE84200FE3507 /* Debug */,
				FA160F351DAEE84200FE3507 /* Release */,
			);
			defaultConfigurationIsVisible = 0;
			defaultConfigurationName = Release;
		};
/* End XCConfigurationList section */
	};
	rootObject = FA160EFD1DAEE84100FE3507 /* Project object */;
}
